
Microsoft Visual Studio Solution File, Format Version 12.00
# Visual Studio Version 17
VisualStudioVersion = 17.1.31903.286
MinimumVisualStudioVersion = 10.0.40219.1
Project("{9A19103F-16F7-4668-BE54-9A1E7A4F7556}") = "3PA.API", "3PA.API\3PA.API.csproj", "{5F98C07F-7D46-47B5-9A1E-885B6FC7428C}"
EndProject
Project("{9A19103F-16F7-4668-BE54-9A1E7A4F7556}") = "3PA.API.Services", "3PA.API.Services\3PA.API.Services.csproj", "{8A9B204A-037E-416F-A65D-9BB12B7A24C3}"
EndProject
Project("{9A19103F-16F7-4668-BE54-9A1E7A4F7556}") = "3PA.Data.Sql", "3PA.Data.Sql\3PA.Data.Sql.csproj", "{AE0E5A3D-D7D5-4785-B71A-AD610A19C755}"
EndProject
Project("{9A19103F-16F7-4668-BE54-9A1E7A4F7556}") = "3PA.Core", "3PA.Core\3PA.Core.csproj", "{2AC5498E-933A-4689-AF10-6002AB86DB90}"
EndProject
Global
	GlobalSection(SolutionConfigurationPlatforms) = preSolution
		Debug|Any CPU = Debug|Any CPU
		Release|Any CPU = Release|Any CPU
	EndGlobalSection
	GlobalSection(ProjectConfigurationPlatforms) = postSolution
		{5F98C07F-7D46-47B5-9A1E-885B6FC7428C}.Debug|Any CPU.ActiveCfg = Debug|Any CPU
		{5F98C07F-7D46-47B5-9A1E-885B6FC7428C}.Debug|Any CPU.Build.0 = Debug|Any CPU
		{5F98C07F-7D46-47B5-9A1E-885B6FC7428C}.Release|Any CPU.ActiveCfg = Release|Any CPU
		{5F98C07F-7D46-47B5-9A1E-885B6FC7428C}.Release|Any CPU.Build.0 = Release|Any CPU
		{8A9B204A-037E-416F-A65D-9BB12B7A24C3}.Debug|Any CPU.ActiveCfg = Debug|Any CPU
		{8A9B204A-037E-416F-A65D-9BB12B7A24C3}.Debug|Any CPU.Build.0 = Debug|Any CPU
		{8A9B204A-037E-416F-A65D-9BB12B7A24C3}.Release|Any CPU.ActiveCfg = Release|Any CPU
		{8A9B204A-037E-416F-A65D-9BB12B7A24C3}.Release|Any CPU.Build.0 = Release|Any CPU
		{AE0E5A3D-D7D5-4785-B71A-AD610A19C755}.Debug|Any CPU.ActiveCfg = Debug|Any CPU
		{AE0E5A3D-D7D5-4785-B71A-AD610A19C755}.Debug|Any CPU.Build.0 = Debug|Any CPU
		{AE0E5A3D-D7D5-4785-B71A-AD610A19C755}.Release|Any CPU.ActiveCfg = Release|Any CPU
		{AE0E5A3D-D7D5-4785-B71A-AD610A19C755}.Release|Any CPU.Build.0 = Release|Any CPU
		{2AC5498E-933A-4689-AF10-6002AB86DB90}.Debug|Any CPU.ActiveCfg = Debug|Any CPU
		{2AC5498E-933A-4689-AF10-6002AB86DB90}.Debug|Any CPU.Build.0 = Debug|Any CPU
		{2AC5498E-933A-4689-AF10-6002AB86DB90}.Release|Any CPU.ActiveCfg = Release|Any CPU
		{2AC5498E-933A-4689-AF10-6002AB86DB90}.Release|Any CPU.Build.0 = Release|Any CPU
	EndGlobalSection
	GlobalSection(SolutionProperties) = preSolution
		HideSolutionNode = FALSE
	EndGlobalSection
	GlobalSection(ExtensibilityGlobals) = postSolution
		SolutionGuid = {A2197C6D-60F4-4FE1-9145-76F1C7E056F2}
	EndGlobalSection
EndGlobal
